Microsoft Visual Studio Solution File, Format Version 12.00
# Visual Studio Version 17
VisualStudioVersion = 17.5.2.0
MinimumVisualStudioVersion = 10.0.40219.1
Project("{FAE04EC0-301F-11D3-BF4B-00C04F79EFBC}") = "pruebaAPI", "pruebaAPI.csproj", "{EB4D7ADD-29E9-7109-1719-25C51BC8B7D5}"
EndProject
Global
	GlobalSection(SolutionConfigurationPlatforms) = preSolution
		Debug|Any CPU = Debug|Any CPU
		Release|Any CPU = Release|Any CPU
	EndGlobalSection
	GlobalSection(ProjectConfigurationPlatforms) = postSolution
		{EB4D7ADD-29E9-7109-1719-25C51BC8B7D5}.Debug|Any CPU.ActiveCfg = Debug|Any CPU
		{EB4D7ADD-29E9-7109-1719-25C51BC8B7D5}.Debug|Any CPU.Build.0 = Debug|Any CPU
		{EB4D7ADD-29E9-7109-1719-25C51BC8B7D5}.Release|Any CPU.ActiveCfg = Release|Any CPU
		{EB4D7ADD-29E9-7109-1719-25C51BC8B7D5}.Release|Any CPU.Build.0 = Release|Any CPU
	EndGlobalSection
	GlobalSection(SolutionProperties) = preSolution
		HideSolutionNode = FALSE
	EndGlobalSection
	GlobalSection(ExtensibilityGlobals) = postSolution
		SolutionGuid = {DA387279-8BA6-4A3A-A7D3-D79B401935EF}
	EndGlobalSection
EndGlobal
